
Microsoft Visual Studio Solution File, Format Version 12.00
# Visual Studio Version 17
VisualStudioVersion = 17.6.33723.286
MinimumVisualStudioVersion = 10.0.40219.1
Project("{FAE04EC0-301F-11D3-BF4B-00C04F79EFBC}") = "Ripasso_Estate_Console - Iannelli", "Ripasso_Estate_Console - Iannelli\Ripasso_Estate_Console - Iannelli.csproj", "{E98520AE-F670-4C78-A308-C872119C34B1}"
EndProject
Global
	GlobalSection(SolutionConfigurationPlatforms) = preSolution
		Debug|Any CPU = Debug|Any CPU
		Release|Any CPU = Release|Any CPU
	EndGlobalSection
	GlobalSection(ProjectConfigurationPlatforms) = postSolution
		{E98520AE-F670-4C78-A308-C872119C34B1}.Debug|Any CPU.ActiveCfg = Debug|Any CPU
		{E98520AE-F670-4C78-A308-C872119C34B1}.Debug|Any CPU.Build.0 = Debug|Any CPU
		{E98520AE-F670-4C78-A308-C872119C34B1}.Release|Any CPU.ActiveCfg = Release|Any CPU
		{E98520AE-F670-4C78-A308-C872119C34B1}.Release|Any CPU.Build.0 = Release|Any CPU
	EndGlobalSection
	GlobalSection(SolutionProperties) = preSolution
		HideSolutionNode = FALSE
	EndGlobalSection
	GlobalSection(ExtensibilityGlobals) = postSolution
		SolutionGuid = {83A79661-3125-400A-8D64-0A28D59BACC2}
	EndGlobalSection
EndGlobal
